
Microsoft Visual Studio Solution File, Format Version 12.00
# Visual Studio 15
VisualStudioVersion = 15.0.28307.1300
MinimumVisualStudioVersion = 10.0.40219.1
Project("{FAE04EC0-301F-11D3-BF4B-00C04F79EFBC}") = "bdc_sudoku", "bdc_sudoku\bdc_sudoku.csproj", "{CF58230A-0B2B-412F-B8DA-AE3846E6F097}"
EndProject
Global
	GlobalSection(SolutionConfigurationPlatforms) = preSolution
		Debug|Any CPU = Debug|Any CPU
		Release|Any CPU = Release|Any CPU
	EndGlobalSection
	GlobalSection(ProjectConfigurationPlatforms) = postSolution
		{CF58230A-0B2B-412F-B8DA-AE3846E6F097}.Debug|Any CPU.ActiveCfg = Debug|Any CPU
		{CF58230A-0B2B-412F-B8DA-AE3846E6F097}.Debug|Any CPU.Build.0 = Debug|Any CPU
		{CF58230A-0B2B-412F-B8DA-AE3846E6F097}.Release|Any CPU.ActiveCfg = Release|Any CPU
		{CF58230A-0B2B-412F-B8DA-AE3846E6F097}.Release|Any CPU.Build.0 = Release|Any CPU
	EndGlobalSection
	GlobalSection(SolutionProperties) = preSolution
		HideSolutionNode = FALSE
	EndGlobalSection
	GlobalSection(ExtensibilityGlobals) = postSolution
		SolutionGuid = {D539BC13-DD55-44F0-9F39-61020831ED24}
	EndGlobalSection
EndGlobal
